{
  "name": "desmodder-gif-creator",
  "version": "0.1.0",
  "lockfileVersion": 1,
  "requires": true,
  "dependencies": {
    "@ffmpeg/core": {
      "version": "0.8.5",
      "resolved": "https://registry.npmjs.org/@ffmpeg/core/-/core-0.8.5.tgz",
      "integrity": "sha512-hemVFmhVLbD/VZaCG2BvCzFglKytMIMJ5aJfc12eXN4O4cG0wXnGTMVzlK1KKW/6viHhJMPkc9h4UDnJW8Uivg=="
    },
    "@ffmpeg/ffmpeg": {
      "version": "0.9.7",
      "resolved": "https://registry.npmjs.org/@ffmpeg/ffmpeg/-/ffmpeg-0.9.7.tgz",
      "integrity": "sha512-WpZkNnqYGoaMcMd1EpaDi7nxRyEd05OjOTAfItH/ZwvAKJpr7ksvHKTC/NjP0li6mFrTFLGudP81J1tG0babdg==",
      "requires": {
        "is-url": "^1.2.4",
        "node-fetch": "^2.6.1",
        "regenerator-runtime": "^0.13.7",
        "resolve-url": "^0.2.1"
      }
    },
    "is-url": {
      "version": "1.2.4",
      "resolved": "https://registry.npmjs.org/is-url/-/is-url-1.2.4.tgz",
      "integrity": "sha512-ITvGim8FhRiYe4IQ5uHSkj7pVaPDrCTkNd3yq3cV7iZAcJdHTUMPMEHcqSOy9xZ9qFenQCvi+2wjH9a1nXqHww=="
    },
    "node-fetch": {
      "version": "2.6.1",
      "resolved": "https://registry.npmjs.org/node-fetch/-/node-fetch-2.6.1.tgz",
      "integrity": "sha512-V4aYg89jEoVRxRb2fJdAg8FHvI7cEyYdVAh94HH0UIK8oJxUfkjlDQN9RbMx+bEjP7+ggMiFRprSti032Oipxw=="
    },
    "regenerator-runtime": {
      "version": "0.13.7",
      "resolved": "https://registry.npmjs.org/regenerator-runtime/-/regenerator-runtime-0.13.7.tgz",
      "integrity": "sha512-a54FxoJDIr27pgf7IgeQGxmqUNYrcV338lf/6gH456HZ/PhX+5BcwHXG9ajESmwe6WRO0tAzRUrRmNONWgkrew=="
    },
    "resolve-url": {
      "version": "0.2.1",
      "resolved": "https://registry.npmjs.org/resolve-url/-/resolve-url-0.2.1.tgz",
      "integrity": "sha1-LGN/53yJOv0qZj/iGqkIAGjiBSo="
    }
  }
}
